
Microsoft Visual Studio Solution File, Format Version 12.00
# Visual Studio Version 16
VisualStudioVersion = 16.0.30128.74
MinimumVisualStudioVersion = 10.0.40219.1
Project("{FAE04EC0-301F-11D3-BF4B-00C04F79EFBC}") = "RadioLog", "RadioLog\RadioLog.csproj", "{78DFA5E7-99EA-49DE-878C-A211DBF0BEE4}"
EndProject
Project("{FAE04EC0-301F-11D3-BF4B-00C04F79EFBC}") = "RadioLog.WPFCommon", "RadioLog.WPFCommon\RadioLog.WPFCommon.csproj", "{14A9610E-CB9E-409F-830C-13189023A5AB}"
EndProject
Project("{FAE04EC0-301F-11D3-BF4B-00C04F79EFBC}") = "RadioLog.Common", "RadioLog.Common\RadioLog.Common.csproj", "{01B7BBED-21AC-49D5-B35D-C4AAE5A847B5}"
EndProject
Project("{FAE04EC0-301F-11D3-BF4B-00C04F79EFBC}") = "RadioLog.AudioProcessing", "RadioLog.AudioProcessing\RadioLog.AudioProcessing.csproj", "{245648DA-5D3E-4BC2-AC12-EC45A473BF6F}"
EndProject
Project("{FAE04EC0-301F-11D3-BF4B-00C04F79EFBC}") = "RadioLog.Scanners", "RadioLog.Scanners\RadioLog.Scanners.csproj", "{B388B15F-9577-4E30-8576-A13689415BB9}"
EndProject
Project("{FAE04EC0-301F-11D3-BF4B-00C04F79EFBC}") = "RadioLog.FeedUtils", "RadioLog.FeedUtils\RadioLog.FeedUtils.csproj", "{5A036DA8-9C28-4511-85A4-1A93904FCBFC}"
EndProject
Project("{FAE04EC0-301F-11D3-BF4B-00C04F79EFBC}") = "RadioLog.Broadcastify", "RadioLog.Broadcastify\RadioLog.Broadcastify.csproj", "{C2383C0E-A3C6-4BDF-BB25-460A1744C495}"
EndProject
Project("{FAE04EC0-301F-11D3-BF4B-00C04F79EFBC}") = "ResponderApps.EditorDisplay", "ResponderApps.EditorDisplay\ResponderApps.EditorDisplay.csproj", "{A67AC428-F50A-49F4-89AA-90DB1992C97A}"
EndProject
Global
	GlobalSection(SolutionConfigurationPlatforms) = preSolution
		Debug|Any CPU = Debug|Any CPU
		Debug|Mixed Platforms = Debug|Mixed Platforms
		Debug|x86 = Debug|x86
		Release|Any CPU = Release|Any CPU
		Release|Mixed Platforms = Release|Mixed Platforms
		Release|x86 = Release|x86
	EndGlobalSection
	GlobalSection(ProjectConfigurationPlatforms) = postSolution
		{78DFA5E7-99EA-49DE-878C-A211DBF0BEE4}.Debug|Any CPU.ActiveCfg = Debug|Any CPU
		{78DFA5E7-99EA-49DE-878C-A211DBF0BEE4}.Debug|Any CPU.Build.0 = Debug|Any CPU
		{78DFA5E7-99EA-49DE-878C-A211DBF0BEE4}.Debug|Mixed Platforms.ActiveCfg = Debug|Any CPU
		{78DFA5E7-99EA-49DE-878C-A211DBF0BEE4}.Debug|Mixed Platforms.Build.0 = Debug|Any CPU
		{78DFA5E7-99EA-49DE-878C-A211DBF0BEE4}.Debug|x86.ActiveCfg = Debug|Any CPU
		{78DFA5E7-99EA-49DE-878C-A211DBF0BEE4}.Release|Any CPU.ActiveCfg = Release|Any CPU
		{78DFA5E7-99EA-49DE-878C-A211DBF0BEE4}.Release|Any CPU.Build.0 = Release|Any CPU
		{78DFA5E7-99EA-49DE-878C-A211DBF0BEE4}.Release|Mixed Platforms.ActiveCfg = Release|Any CPU
		{78DFA5E7-99EA-49DE-878C-A211DBF0BEE4}.Release|Mixed Platforms.Build.0 = Release|Any CPU
		{78DFA5E7-99EA-49DE-878C-A211DBF0BEE4}.Release|x86.ActiveCfg = Release|Any CPU
		{14A9610E-CB9E-409F-830C-13189023A5AB}.Debug|Any CPU.ActiveCfg = Debug|Any CPU
		{14A9610E-CB9E-409F-830C-13189023A5AB}.Debug|Any CPU.Build.0 = Debug|Any CPU
		{14A9610E-CB9E-409F-830C-13189023A5AB}.Debug|Mixed Platforms.ActiveCfg = Debug|Any CPU
		{14A9610E-CB9E-409F-830C-13189023A5AB}.Debug|Mixed Platforms.Build.0 = Debug|Any CPU
		{14A9610E-CB9E-409F-830C-13189023A5AB}.Debug|x86.ActiveCfg = Debug|Any CPU
		{14A9610E-CB9E-409F-830C-13189023A5AB}.Release|Any CPU.ActiveCfg = Release|Any CPU
		{14A9610E-CB9E-409F-830C-13189023A5AB}.Release|Any CPU.Build.0 = Release|Any CPU
		{14A9610E-CB9E-409F-830C-13189023A5AB}.Release|Mixed Platforms.ActiveCfg = Release|Any CPU
		{14A9610E-CB9E-409F-830C-13189023A5AB}.Release|Mixed Platforms.Build.0 = Release|Any CPU
		{14A9610E-CB9E-409F-830C-13189023A5AB}.Release|x86.ActiveCfg = Release|Any CPU
		{01B7BBED-21AC-49D5-B35D-C4AAE5A847B5}.Debug|Any CPU.ActiveCfg = Debug|Any CPU
		{01B7BBED-21AC-49D5-B35D-C4AAE5A847B5}.Debug|Any CPU.Build.0 = Debug|Any CPU
		{01B7BBED-21AC-49D5-B35D-C4AAE5A847B5}.Debug|Mixed Platforms.ActiveCfg = Debug|Any CPU
		{01B7BBED-21AC-49D5-B35D-C4AAE5A847B5}.Debug|Mixed Platforms.Build.0 = Debug|Any CPU
		{01B7BBED-21AC-49D5-B35D-C4AAE5A847B5}.Debug|x86.ActiveCfg = Debug|Any CPU
		{01B7BBED-21AC-49D5-B35D-C4AAE5A847B5}.Release|Any CPU.ActiveCfg = Release|Any CPU
		{01B7BBED-21AC-49D5-B35D-C4AAE5A847B5}.Release|Any CPU.Build.0 = Release|Any CPU
		{01B7BBED-21AC-49D5-B35D-C4AAE5A847B5}.Release|Mixed Platforms.ActiveCfg = Release|Any CPU
		{01B7BBED-21AC-49D5-B35D-C4AAE5A847B5}.Release|Mixed Platforms.Build.0 = Release|Any CPU
		{01B7BBED-21AC-49D5-B35D-C4AAE5A847B5}.Release|x86.ActiveCfg = Release|Any CPU
		{245648DA-5D3E-4BC2-AC12-EC45A473BF6F}.Debug|Any CPU.ActiveCfg = Debug|Any CPU
		{245648DA-5D3E-4BC2-AC12-EC45A473BF6F}.Debug|Any CPU.Build.0 = Debug|Any CPU
		{245648DA-5D3E-4BC2-AC12-EC45A473BF6F}.Debug|Mixed Platforms.ActiveCfg = Debug|Any CPU
		{245648DA-5D3E-4BC2-AC12-EC45A473BF6F}.Debug|Mixed Platforms.Build.0 = Debug|Any CPU
		{245648DA-5D3E-4BC2-AC12-EC45A473BF6F}.Debug|x86.ActiveCfg = Debug|Any CPU
		{245648DA-5D3E-4BC2-AC12-EC45A473BF6F}.Release|Any CPU.ActiveCfg = Release|Any CPU
		{245648DA-5D3E-4BC2-AC12-EC45A473BF6F}.Release|Any CPU.Build.0 = Release|Any CPU
		{245648DA-5D3E-4BC2-AC12-EC45A473BF6F}.Release|Mixed Platforms.ActiveCfg = Release|Any CPU
		{245648DA-5D3E-4BC2-AC12-EC45A473BF6F}.Release|Mixed Platforms.Build.0 = Release|Any CPU
		{245648DA-5D3E-4BC2-AC12-EC45A473BF6F}.Release|x86.ActiveCfg = Release|Any CPU
		{B388B15F-9577-4E30-8576-A13689415BB9}.Debug|Any CPU.ActiveCfg = Debug|Any CPU
		{B388B15F-9577-4E30-8576-A13689415BB9}.Debug|Any CPU.Build.0 = Debug|Any CPU
		{B388B15F-9577-4E30-8576-A13689415BB9}.Debug|Mixed Platforms.ActiveCfg = Debug|Any CPU
		{B388B15F-9577-4E30-8576-A13689415BB9}.Debug|Mixed Platforms.Build.0 = Debug|Any CPU
		{B388B15F-9577-4E30-8576-A13689415BB9}.Debug|x86.ActiveCfg = Debug|Any CPU
		{B388B15F-9577-4E30-8576-A13689415BB9}.Release|Any CPU.ActiveCfg = Release|Any CPU
		{B388B15F-9577-4E30-8576-A13689415BB9}.Release|Any CPU.Build.0 = Release|Any CPU
		{B388B15F-9577-4E30-8576-A13689415BB9}.Release|Mixed Platforms.ActiveCfg = Release|Any CPU
		{B388B15F-9577-4E30-8576-A13689415BB9}.Release|Mixed Platforms.Build.0 = Release|Any CPU
		{B388B15F-9577-4E30-8576-A13689415BB9}.Release|x86.ActiveCfg = Release|Any CPU
		{5A036DA8-9C28-4511-85A4-1A93904FCBFC}.Debug|Any CPU.ActiveCfg = Debug|Any CPU
		{5A036DA8-9C28-4511-85A4-1A93904FCBFC}.Debug|Any CPU.Build.0 = Debug|Any CPU
		{5A036DA8-9C28-4511-85A4-1A93904FCBFC}.Debug|Mixed Platforms.ActiveCfg = Debug|Any CPU
		{5A036DA8-9C28-4511-85A4-1A93904FCBFC}.Debug|Mixed Platforms.Build.0 = Debug|Any CPU
		{5A036DA8-9C28-4511-85A4-1A93904FCBFC}.Debug|x86.ActiveCfg = Debug|Any CPU
		{5A036DA8-9C28-4511-85A4-1A93904FCBFC}.Release|Any CPU.ActiveCfg = Release|Any CPU
		{5A036DA8-9C28-4511-85A4-1A93904FCBFC}.Release|Any CPU.Build.0 = Release|Any CPU
		{5A036DA8-9C28-4511-85A4-1A93904FCBFC}.Release|Mixed Platforms.ActiveCfg = Release|Any CPU
		{5A036DA8-9C28-4511-85A4-1A93904FCBFC}.Release|Mixed Platforms.Build.0 = Release|Any CPU
		{5A036DA8-9C28-4511-85A4-1A93904FCBFC}.Release|x86.ActiveCfg = Release|Any CPU
		{C2383C0E-A3C6-4BDF-BB25-460A1744C495}.Debug|Any CPU.ActiveCfg = Debug|Any CPU
		{C2383C0E-A3C6-4BDF-BB25-460A1744C495}.Debug|Any CPU.Build.0 = Debug|Any CPU
		{C2383C0E-A3C6-4BDF-BB25-460A1744C495}.Debug|Mixed Platforms.ActiveCfg = Debug|Any CPU
		{C2383C0E-A3C6-4BDF-BB25-460A1744C495}.Debug|Mixed Platforms.Build.0 = Debug|Any CPU
		{C2383C0E-A3C6-4BDF-BB25-460A1744C495}.Debug|x86.ActiveCfg = Debug|Any CPU
		{C2383C0E-A3C6-4BDF-BB25-460A1744C495}.Release|Any CPU.ActiveCfg = Release|Any CPU
		{C2383C0E-A3C6-4BDF-BB25-460A1744C495}.Release|Any CPU.Build.0 = Release|Any CPU
		{C2383C0E-A3C6-4BDF-BB25-460A1744C495}.Release|Mixed Platforms.ActiveCfg = Release|Any CPU
		{C2383C0E-A3C6-4BDF-BB25-460A1744C495}.Release|Mixed Platforms.Build.0 = Release|Any CPU
		{C2383C0E-A3C6-4BDF-BB25-460A1744C495}.Release|x86.ActiveCfg = Release|Any CPU
		{A67AC428-F50A-49F4-89AA-90DB1992C97A}.Debug|Any CPU.ActiveCfg = Debug|Any CPU
		{A67AC428-F50A-49F4-89AA-90DB1992C97A}.Debug|Any CPU.Build.0 = Debug|Any CPU
		{A67AC428-F50A-49F4-89AA-90DB1992C97A}.Debug|Mixed Platforms.ActiveCfg = Debug|Any CPU
		{A67AC428-F50A-49F4-89AA-90DB1992C97A}.Debug|Mixed Platforms.Build.0 = Debug|Any CPU
		{A67AC428-F50A-49F4-89AA-90DB1992C97A}.Debug|x86.ActiveCfg = Debug|Any CPU
		{A67AC428-F50A-49F4-89AA-90DB1992C97A}.Debug|x86.Build.0 = Debug|Any CPU
		{A67AC428-F50A-49F4-89AA-90DB1992C97A}.Release|Any CPU.ActiveCfg = Release|Any CPU
		{A67AC428-F50A-49F4-89AA-90DB1992C97A}.Release|Any CPU.Build.0 = Release|Any CPU
		{A67AC428-F50A-49F4-89AA-90DB1992C97A}.Release|Mixed Platforms.ActiveCfg = Release|Any CPU
		{A67AC428-F50A-49F4-89AA-90DB1992C97A}.Release|Mixed Platforms.Build.0 = Release|Any CPU
		{A67AC428-F50A-49F4-89AA-90DB1992C97A}.Release|x86.ActiveCfg = Release|Any CPU
		{A67AC428-F50A-49F4-89AA-90DB1992C97A}.Release|x86.Build.0 = Release|Any CPU
	EndGlobalSection
	GlobalSection(SolutionProperties) = preSolution
		HideSolutionNode = FALSE
	EndGlobalSection
	GlobalSection(ExtensibilityGlobals) = postSolution
		SolutionGuid = {0FA0BD38-7376-4DDB-A419-2BA9DDA1BFC6}
	EndGlobalSection
EndGlobal
