
Microsoft Visual Studio Solution File, Format Version 12.00
# Visual Studio Version 16
VisualStudioVersion = 16.0.30128.74
MinimumVisualStudioVersion = 10.0.40219.1
Project("{9A19103F-16F7-4668-BE54-9A1E7A4F7556}") = "RadioLog", "RadioLog\RadioLog.csproj", "{78DFA5E7-99EA-49DE-878C-A211DBF0BEE4}"
EndProject
Project("{FAE04EC0-301F-11D3-BF4B-00C04F79EFBC}") = "RadioLog.Broadcastify", "RadioLog.Broadcastify\RadioLog.Broadcastify.csproj", "{C2383C0E-A3C6-4BDF-BB25-460A1744C495}"
EndProject
Global
	GlobalSection(SolutionConfigurationPlatforms) = preSolution
		Debug|Any CPU = Debug|Any CPU
		Debug|Mixed Platforms = Debug|Mixed Platforms
		Debug|x86 = Debug|x86
		Release|Any CPU = Release|Any CPU
		Release|Mixed Platforms = Release|Mixed Platforms
		Release|x86 = Release|x86
	EndGlobalSection
	GlobalSection(ProjectConfigurationPlatforms) = postSolution
		{78DFA5E7-99EA-49DE-878C-A211DBF0BEE4}.Debug|Any CPU.ActiveCfg = Debug|Any CPU
		{78DFA5E7-99EA-49DE-878C-A211DBF0BEE4}.Debug|Any CPU.Build.0 = Debug|Any CPU
		{78DFA5E7-99EA-49DE-878C-A211DBF0BEE4}.Debug|Mixed Platforms.ActiveCfg = Debug|Any CPU
		{78DFA5E7-99EA-49DE-878C-A211DBF0BEE4}.Debug|Mixed Platforms.Build.0 = Debug|Any CPU
		{78DFA5E7-99EA-49DE-878C-A211DBF0BEE4}.Debug|x86.ActiveCfg = Debug|Any CPU
		{78DFA5E7-99EA-49DE-878C-A211DBF0BEE4}.Release|Any CPU.ActiveCfg = Release|Any CPU
		{78DFA5E7-99EA-49DE-878C-A211DBF0BEE4}.Release|Any CPU.Build.0 = Release|Any CPU
		{78DFA5E7-99EA-49DE-878C-A211DBF0BEE4}.Release|Mixed Platforms.ActiveCfg = Release|Any CPU
		{78DFA5E7-99EA-49DE-878C-A211DBF0BEE4}.Release|Mixed Platforms.Build.0 = Release|Any CPU
		{78DFA5E7-99EA-49DE-878C-A211DBF0BEE4}.Release|x86.ActiveCfg = Release|Any CPU
		{C2383C0E-A3C6-4BDF-BB25-460A1744C495}.Debug|Any CPU.ActiveCfg = Debug|Any CPU
		{C2383C0E-A3C6-4BDF-BB25-460A1744C495}.Debug|Any CPU.Build.0 = Debug|Any CPU
		{C2383C0E-A3C6-4BDF-BB25-460A1744C495}.Debug|Mixed Platforms.ActiveCfg = Debug|Any CPU
		{C2383C0E-A3C6-4BDF-BB25-460A1744C495}.Debug|Mixed Platforms.Build.0 = Debug|Any CPU
		{C2383C0E-A3C6-4BDF-BB25-460A1744C495}.Debug|x86.ActiveCfg = Debug|Any CPU
		{C2383C0E-A3C6-4BDF-BB25-460A1744C495}.Debug|x86.Build.0 = Debug|Any CPU
		{C2383C0E-A3C6-4BDF-BB25-460A1744C495}.Release|Any CPU.ActiveCfg = Release|Any CPU
		{C2383C0E-A3C6-4BDF-BB25-460A1744C495}.Release|Any CPU.Build.0 = Release|Any CPU
		{C2383C0E-A3C6-4BDF-BB25-460A1744C495}.Release|Mixed Platforms.ActiveCfg = Release|Any CPU
		{C2383C0E-A3C6-4BDF-BB25-460A1744C495}.Release|Mixed Platforms.Build.0 = Release|Any CPU
		{C2383C0E-A3C6-4BDF-BB25-460A1744C495}.Release|x86.ActiveCfg = Release|Any CPU
		{C2383C0E-A3C6-4BDF-BB25-460A1744C495}.Release|x86.Build.0 = Release|Any CPU
	EndGlobalSection
	GlobalSection(SolutionProperties) = preSolution
		HideSolutionNode = FALSE
	EndGlobalSection
	GlobalSection(ExtensibilityGlobals) = postSolution
		SolutionGuid = {0FA0BD38-7376-4DDB-A419-2BA9DDA1BFC6}
	EndGlobalSection
EndGlobal
